// !$*UTF8*$!
{
	archiveVersion = 1;
	classes = {
	};
	objectVersion = 46;
	objects = {

/* Begin PBXBuildFile section */
		A3EF16AF1B46BBA200F08FA3 /* AppDelegate.swift in Sources */ = {isa = PBXBuildFile; fileRef = A3EF16AE1B46BBA200F08FA3 /* AppDelegate.swift */; };
		A3EF16B11B46BBA300F08FA3 /* ViewController.swift in Sources */ = {isa = PBXBuildFile; fileRef = A3EF16B01B46BBA300F08FA3 /* ViewController.swift */; };
		A3EF16B41B46BBA300F08FA3 /* Main.storyboard in Resources */ = {isa = PBXBuildFile; fileRef = A3EF16B21B46BBA300F08FA3 /* Main.storyboard */; };
		A3EF16B61B46BBA300F08FA3 /* Assets.xcassets in Resources */ = {isa = PBXBuildFile; fileRef = A3EF16B51B46BBA300F08FA3 /* Assets.xcassets */; };
		A3EF16B91B46BBA300F08FA3 /* LaunchScreen.storyboard in Resources */ = {isa = PBXBuildFile; fileRef = A3EF16B71B46BBA300F08FA3 /* LaunchScreen.storyboard */; };
		A3EF16C41B46BBA300F08FA3 /* BitriseTestingSampleTests.swift in Sources */ = {isa = PBXBuildFile; fileRef = A3EF16C31B46BBA300F08FA3 /* BitriseTestingSampleTests.swift */; };
		A3EF16CF1B46BBA300F08FA3 /* BitriseTestingSampleUITests.swift in Sources */ = {isa = PBXBuildFile; fileRef = A3EF16CE1B46BBA300F08FA3 /* BitriseTestingSampleUITests.swift */; };
/* End PBXBuildFile section */

/* Begin PBXContainerItemProxy section */
		A3EF16C01B46BBA300F08FA3 /* PBXContainerItemProxy */ = {
			isa = PBXContainerItemProxy;
			containerPortal = A3EF16A31B46BBA200F08FA3 /* Project object */;
			proxyType = 1;
			remoteGlobalIDString = A3EF16AA1B46BBA200F08FA3;
			remoteInfo = BitriseTestingSample;
		};
		A3EF16CB1B46BBA300F08FA3 /* PBXContainerItemProxy */ = {
			isa = PBXContainerItemProxy;
			containerPortal = A3EF16A31B46BBA200F08FA3 /* Project object */;
			proxyType = 1;
			remoteGlobalIDString = A3EF16AA1B46BBA200F08FA3;
			remoteInfo = BitriseTestingSample;
		};
/* End PBXContainerItemProxy section */

/* Begin PBXFileReference section */
		A3EF16AB1B46BBA200F08FA3 /* BitriseTestingSample.app */ = {isa = PBXFileReference; explicitFileType = wrapper.application; includeInIndex = 0; path = BitriseTestingSample.app; sourceTree = BUILT_PRODUCTS_DIR; };
		A3EF16AE1B46BBA200F08FA3 /* AppDelegate.swift */ = {isa = PBXFileReference; lastKnownFileType = sourcecode.swift; path = AppDelegate.swift; sourceTree = "<group>"; };
		A3EF16B01B46BBA300F08FA3 /* ViewController.swift */ = {isa = PBXFileReference; lastKnownFileType = sourcecode.swift; path = ViewController.swift; sourceTree = "<group>"; };
		A3EF16B31B46BBA300F08FA3 /* Base */ = {isa = PBXFileReference; lastKnownFileType = file.storyboard; name = Base; path = Base.lproj/Main.storyboard; sourceTree = "<group>"; };
		A3EF16B51B46BBA300F08FA3 /* Assets.xcassets */ = {isa = PBXFileReference; lastKnownFileType = folder.assetcatalog; path = Assets.xcassets; sourceTree = "<group>"; };
		A3EF16B81B46BBA300F08FA3 /* Base */ = {isa = PBXFileReference; lastKnownFileType = file.storyboard; name = Base; path = Base.lproj/LaunchScreen.storyboard; sourceTree = "<group>"; };
		A3EF16BA1B46BBA300F08FA3 /* Info.plist */ = {isa = PBXFileReference; lastKnownFileType = text.plist.xml; path = Info.plist; sourceTree = "<group>"; };
		A3EF16BF1B46BBA300F08FA3 /* BitriseTestingSampleTests.xctest */ = {isa = PBXFileReference; explicitFileType = wrapper.cfbundle; includeInIndex = 0; path = BitriseTestingSampleTests.xctest; sourceTree = BUILT_PRODUCTS_DIR; };
		A3EF16C31B46BBA300F08FA3 /* BitriseTestingSampleTests.swift */ = {isa = PBXFileReference; lastKnownFileType = sourcecode.swift; path = BitriseTestingSampleTests.swift; sourceTree = "<group>"; };
		A3EF16C51B46BBA300F08FA3 /* Info.plist */ = {isa = PBXFileReference; lastKnownFileType = text.plist.xml; path = Info.plist; sourceTree = "<group>"; };
		A3EF16CA1B46BBA300F08FA3 /* BitriseTestingSampleUITests.xctest */ = {isa = PBXFileReference; explicitFileType = wrapper.cfbundle; includeInIndex = 0; path = BitriseTestingSampleUITests.xctest; sourceTree = BUILT_PRODUCTS_DIR; };
		A3EF16CE1B46BBA300F08FA3 /* BitriseTestingSampleUITests.swift */ = {isa = PBXFileReference; lastKnownFileType = sourcecode.swift; path = BitriseTestingSampleUITests.swift; sourceTree = "<group>"; };
		A3EF16D01B46BBA300F08FA3 /* Info.plist */ = {isa = PBXFileReference; lastKnownFileType = text.plist.xml; path = Info.plist; sourceTree = "<group>"; };
/* End PBXFileReference section */

/* Begin PBXFrameworksBuildPhase section */
		A3EF16A81B46BBA200F08FA3 /* Frameworks */ = {
			isa = PBXFrameworksBuildPhase;
			buildActionMask = 2147483647;
			files = (
			);
			runOnlyForDeploymentPostprocessing = 0;
		};
		A3EF16BC1B46BBA300F08FA3 /* Frameworks */ = {
			isa = PBXFrameworksBuildPhase;
			buildActionMask = 2147483647;
			files = (
			);
			runOnlyForDeploymentPostprocessing = 0;
		};
		A3EF16C71B46BBA300F08FA3 /* Frameworks */ = {
			isa = PBXFrameworksBuildPhase;
			buildActionMask = 2147483647;
			files = (
			);
			runOnlyForDeploymentPostprocessing = 0;
		};
/* End PBXFrameworksBuildPhase section */

/* Begin PBXGroup section */
		A3EF16A21B46BBA200F08FA3 = {
			isa = PBXGroup;
			children = (
				A3EF16AD1B46BBA200F08FA3 /* BitriseTestingSample */,
				A3EF16C21B46BBA300F08FA3 /* BitriseTestingSampleTests */,
				A3EF16CD1B46BBA300F08FA3 /* BitriseTestingSampleUITests */,
				A3EF16AC1B46BBA200F08FA3 /* Products */,
			);
			sourceTree = "<group>";
		};
		A3EF16AC1B46BBA200F08FA3 /* Products */ = {
			isa = PBXGroup;
			children = (
				A3EF16AB1B46BBA200F08FA3 /* BitriseTestingSample.app */,
				A3EF16BF1B46BBA300F08FA3 /* BitriseTestingSampleTests.xctest */,
				A3EF16CA1B46BBA300F08FA3 /* BitriseTestingSampleUITests.xctest */,
			);
			name = Products;
			sourceTree = "<group>";
		};
		A3EF16AD1B46BBA200F08FA3 /* BitriseTestingSample */ = {
			isa = PBXGroup;
			children = (
				A3EF16AE1B46BBA200F08FA3 /* AppDelegate.swift */,
				A3EF16B01B46BBA300F08FA3 /* ViewController.swift */,
				A3EF16B21B46BBA300F08FA3 /* Main.storyboard */,
				A3EF16B51B46BBA300F08FA3 /* Assets.xcassets */,
				A3EF16B71B46BBA300F08FA3 /* LaunchScreen.storyboard */,
				A3EF16BA1B46BBA300F08FA3 /* Info.plist */,
			);
			path = BitriseTestingSample;
			sourceTree = "<group>";
		};
		A3EF16C21B46BBA300F08FA3 /* BitriseTestingSampleTests */ = {
			isa = PBXGroup;
			children = (
				A3EF16C31B46BBA300F08FA3 /* BitriseTestingSampleTests.swift */,
				A3EF16C51B46BBA300F08FA3 /* Info.plist */,
			);
			path = BitriseTestingSampleTests;
			sourceTree = "<group>";
		};
		A3EF16CD1B46BBA300F08FA3 /* BitriseTestingSampleUITests */ = {
			isa = PBXGroup;
			children = (
				A3EF16CE1B46BBA300F08FA3 /* BitriseTestingSampleUITests.swift */,
				A3EF16D01B46BBA300F08FA3 /* Info.plist */,
			);
			path = BitriseTestingSampleUITests;
			sourceTree = "<group>";
		};
/* End PBXGroup section */

/* Begin PBXNativeTarget section */
		A3EF16AA1B46BBA200F08FA3 /* BitriseTestingSample */ = {
			isa = PBXNativeTarget;
			buildConfigurationList = A3EF16D31B46BBA300F08FA3 /* Build configuration list for PBXNativeTarget "BitriseTestingSample" */;
			buildPhases = (
				A3EF16A71B46BBA200F08FA3 /* Sources */,
				A3EF16A81B46BBA200F08FA3 /* Frameworks */,
				A3EF16A91B46BBA200F08FA3 /* Resources */,
			);
			buildRules = (
			);
			dependencies = (
			);
			name = BitriseTestingSample;
			productName = BitriseTestingSample;
			productReference = A3EF16AB1B46BBA200F08FA3 /* BitriseTestingSample.app */;
			productType = "com.apple.product-type.application";
		};
		A3EF16BE1B46BBA300F08FA3 /* BitriseTestingSampleTests */ = {
			isa = PBXNativeTarget;
			buildConfigurationList = A3EF16D61B46BBA300F08FA3 /* Build configuration list for PBXNativeTarget "BitriseTestingSampleTests" */;
			buildPhases = (
				A3EF16BB1B46BBA300F08FA3 /* Sources */,
				A3EF16BC1B46BBA300F08FA3 /* Frameworks */,
				A3EF16BD1B46BBA300F08FA3 /* Resources */,
			);
			buildRules = (
			);
			dependencies = (
				A3EF16C11B46BBA300F08FA3 /* PBXTargetDependency */,
			);
			name = BitriseTestingSampleTests;
			productName = BitriseTestingSampleTests;
			productReference = A3EF16BF1B46BBA300F08FA3 /* BitriseTestingSampleTests.xctest */;
			productType = "com.apple.product-type.bundle.unit-test";
		};
		A3EF16C91B46BBA300F08FA3 /* BitriseTestingSampleUITests */ = {
			isa = PBXNativeTarget;
			buildConfigurationList = A3EF16D91B46BBA300F08FA3 /* Build configuration list for PBXNativeTarget "BitriseTestingSampleUITests" */;
			buildPhases = (
				A3EF16C61B46BBA300F08FA3 /* Sources */,
				A3EF16C71B46BBA300F08FA3 /* Frameworks */,
				A3EF16C81B46BBA300F08FA3 /* Resources */,
			);
			buildRules = (
			);
			dependencies = (
				A3EF16CC1B46BBA300F08FA3 /* PBXTargetDependency */,
			);
			name = BitriseTestingSampleUITests;
			productName = BitriseTestingSampleUITests;
			productReference = A3EF16CA1B46BBA300F08FA3 /* BitriseTestingSampleUITests.xctest */;
			productType = "com.apple.product-type.bundle.ui-testing";
		};
/* End PBXNativeTarget section */

/* Begin PBXProject section */
		A3EF16A31B46BBA200F08FA3 /* Project object */ = {
			isa = PBXProject;
			attributes = {
				LastUpgradeCheck = 0700;
				ORGANIZATIONNAME = Bitrise;
				TargetAttributes = {
					A3EF16AA1B46BBA200F08FA3 = {
						CreatedOnToolsVersion = 7.0;
					};
					A3EF16BE1B46BBA300F08FA3 = {
						CreatedOnToolsVersion = 7.0;
						TestTargetID = A3EF16AA1B46BBA200F08FA3;
					};
					A3EF16C91B46BBA300F08FA3 = {
						CreatedOnToolsVersion = 7.0;
						TestTargetID = A3EF16AA1B46BBA200F08FA3;
					};
				};
			};
			buildConfigurationList = A3EF16A61B46BBA200F08FA3 /* Build configuration list for PBXProject "BitriseTestingSample" */;
			compatibilityVersion = "Xcode 3.2";
			developmentRegion = English;
			hasScannedForEncodings = 0;
			knownRegions = (
				en,
				Base,
			);
			mainGroup = A3EF16A21B46BBA200F08FA3;
			productRefGroup = A3EF16AC1B46BBA200F08FA3 /* Products */;
			projectDirPath = "";
			projectRoot = "";
			targets = (
				A3EF16AA1B46BBA200F08FA3 /* BitriseTestingSample */,
				A3EF16BE1B46BBA300F08FA3 /* BitriseTestingSampleTests */,
				A3EF16C91B46BBA300F08FA3 /* BitriseTestingSampleUITests */,
			);
		};
/* End PBXProject section */

/* Begin PBXResourcesBuildPhase section */
		A3EF16A91B46BBA200F08FA3 /* Resources */ = {
			isa = PBXResourcesBuildPhase;
			buildActionMask = 2147483647;
			files = (
				A3EF16B91B46BBA300F08FA3 /* LaunchScreen.storyboard in Resources */,
				A3EF16B61B46BBA300F08FA3 /* Assets.xcassets in Resources */,
				A3EF16B41B46BBA300F08FA3 /* Main.storyboard in Resources */,
			);
			runOnlyForDeploymentPostprocessing = 0;
		};
		A3EF16BD1B46BBA300F08FA3 /* Resources */ = {
			isa = PBXResourcesBuildPhase;
			buildActionMask = 2147483647;
			files = (
			);
			runOnlyForDeploymentPostprocessing = 0;
		};
		A3EF16C81B46BBA300F08FA3 /* Resources */ = {
			isa = PBXResourcesBuildPhase;
			buildActionMask = 2147483647;
			files = (
			);
			runOnlyForDeploymentPostprocessing = 0;
		};
/* End PBXResourcesBuildPhase section */

/* Begin PBXSourcesBuildPhase section */
		A3EF16A71B46BBA200F08FA3 /* Sources */ = {
			isa = PBXSourcesBuildPhase;
			buildActionMask = 2147483647;
			files = (
				A3EF16B11B46BBA300F08FA3 /* ViewController.swift in Sources */,
				A3EF16AF1B46BBA200F08FA3 /* AppDelegate.swift in Sources */,
			);
			runOnlyForDeploymentPostprocessing = 0;
		};
		A3EF16BB1B46BBA300F08FA3 /* Sources */ = {
			isa = PBXSourcesBuildPhase;
			buildActionMask = 2147483647;
			files = (
				A3EF16C41B46BBA300F08FA3 /* BitriseTestingSampleTests.swift in Sources */,
			);
			runOnlyForDeploymentPostprocessing = 0;
		};
		A3EF16C61B46BBA300F08FA3 /* Sources */ = {
			isa = PBXSourcesBuildPhase;
			buildActionMask = 2147483647;
			files = (
				A3EF16CF1B46BBA300F08FA3 /* BitriseTestingSampleUITests.swift in Sources */,
			);
			runOnlyForDeploymentPostprocessing = 0;
		};
/* End PBXSourcesBuildPhase section */

/* Begin PBXTargetDependency section */
		A3EF16C11B46BBA300F08FA3 /* PBXTargetDependency */ = {
			isa = PBXTargetDependency;
			target = A3EF16AA1B46BBA200F08FA3 /* BitriseTestingSample */;
			targetProxy = A3EF16C01B46BBA300F08FA3 /* PBXContainerItemProxy */;
		};
		A3EF16CC1B46BBA300F08FA3 /* PBXTargetDependency */ = {
			isa = PBXTargetDependency;
			target = A3EF16AA1B46BBA200F08FA3 /* BitriseTestingSample */;
			targetProxy = A3EF16CB1B46BBA300F08FA3 /* PBXContainerItemProxy */;
		};
/* End PBXTargetDependency section */

/* Begin PBXVariantGroup section */
		A3EF16B21B46BBA300F08FA3 /* Main.storyboard */ = {
			isa = PBXVariantGroup;
			children = (
				A3EF16B31B46BBA300F08FA3 /* Base */,
			);
			name = Main.storyboard;
			sourceTree = "<group>";
		};
		A3EF16B71B46BBA300F08FA3 /* LaunchScreen.storyboard */ = {
			isa = PBXVariantGroup;
			children = (
				A3EF16B81B46BBA300F08FA3 /* Base */,
			);
			name = LaunchScreen.storyboard;
			sourceTree = "<group>";
		};
/* End PBXVariantGroup section */

/* Begin XCBuildConfiguration section */
		A3EF16D11B46BBA300F08FA3 /* Debug */ = {
			isa = XCBuildConfiguration;
			buildSettings = {
				ALWAYS_SEARCH_USER_PATHS = NO;
				CLANG_CXX_LANGUAGE_STANDARD = "gnu++0x";
				CLANG_CXX_LIBRARY = "libc++";
				CLANG_ENABLE_MODULES = YES;
				CLANG_ENABLE_OBJC_ARC = YES;
				CLANG_WARN_BOOL_CONVERSION = YES;
				CLANG_WARN_CONSTANT_CONVERSION = YES;
				CLANG_WARN_DIRECT_OBJC_ISA_USAGE = YES_ERROR;
				CLANG_WARN_EMPTY_BODY = YES;
				CLANG_WARN_ENUM_CONVERSION = YES;
				CLANG_WARN_INT_CONVERSION = YES;
				CLANG_WARN_OBJC_ROOT_CLASS = YES_ERROR;
				CLANG_WARN_UNREACHABLE_CODE = YES;
				CLANG_WARN__DUPLICATE_METHOD_MATCH = YES;
				"CODE_SIGN_IDENTITY[sdk=iphoneos*]" = "iPhone Developer";
				COPY_PHASE_STRIP = NO;
				DEBUG_INFORMATION_FORMAT = dwarf;
				ENABLE_STRICT_OBJC_MSGSEND = YES;
				ENABLE_TESTABILITY = YES;
				GCC_C_LANGUAGE_STANDARD = gnu99;
				GCC_DYNAMIC_NO_PIC = NO;
				GCC_NO_COMMON_BLOCKS = YES;
				GCC_OPTIMIZATION_LEVEL = 0;
				GCC_PREPROCESSOR_DEFINITIONS = (
					"DEBUG=1",
					"$(inherited)",
				);
				GCC_WARN_64_TO_32_BIT_CONVERSION = YES;
				GCC_WARN_ABOUT_RETURN_TYPE = YES_ERROR;
				GCC_WARN_UNDECLARED_SELECTOR = YES;
				GCC_WARN_UNINITIALIZED_AUTOS = YES_AGGRESSIVE;
				GCC_WARN_UNUSED_FUNCTION = YES;
				GCC_WARN_UNUSED_VARIABLE = YES;
				IPHONEOS_DEPLOYMENT_TARGET = 9.0;
				MTL_ENABLE_DEBUG_INFO = YES;
				ONLY_ACTIVE_ARCH = YES;
				SDKROOT = iphoneos;
				SWIFT_OPTIMIZATION_LEVEL = "-Onone";
			};
			name = Debug;
		};
		A3EF16D21B46BBA300F08FA3 /* Release */ = {
			isa = XCBuildConfiguration;
			buildSettings = {
				ALWAYS_SEARCH_USER_PATHS = NO;
				CLANG_CXX_LANGUAGE_STANDARD = "gnu++0x";
				CLANG_CXX_LIBRARY = "libc++";
				CLANG_ENABLE_MODULES = YES;
				CLANG_ENABLE_OBJC_ARC = YES;
				CLANG_WARN_BOOL_CONVERSION = YES;
				CLANG_WARN_CONSTANT_CONVERSION = YES;
				CLANG_WARN_DIRECT_OBJC_ISA_USAGE = YES_ERROR;
				CLANG_WARN_EMPTY_BODY = YES;
				CLANG_WARN_ENUM_CONVERSION = YES;
				CLANG_WARN_INT_CONVERSION = YES;
				CLANG_WARN_OBJC_ROOT_CLASS = YES_ERROR;
				CLANG_WARN_UNREACHABLE_CODE = YES;
				CLANG_WARN__DUPLICATE_METHOD_MATCH = YES;
				"CODE_SIGN_IDENTITY[sdk=iphoneos*]" = "iPhone Developer";
				COPY_PHASE_STRIP = NO;
				DEBUG_INFORMATION_FORMAT = "dwarf-with-dsym";
				ENABLE_NS_ASSERTIONS = NO;
				ENABLE_STRICT_OBJC_MSGSEND = YES;
				GCC_C_LANGUAGE_STANDARD = gnu99;
				GCC_NO_COMMON_BLOCKS = YES;
				GCC_WARN_64_TO_32_BIT_CONVERSION = YES;
				GCC_WARN_ABOUT_RETURN_TYPE = YES_ERROR;
				GCC_WARN_UNDECLARED_SELECTOR = YES;
				GCC_WARN_UNINITIALIZED_AUTOS = YES_AGGRESSIVE;
				GCC_WARN_UNUSED_FUNCTION = YES;
				GCC_WARN_UNUSED_VARIABLE = YES;
				IPHONEOS_DEPLOYMENT_TARGET = 9.0;
				MTL_ENABLE_DEBUG_INFO = NO;
				SDKROOT = iphoneos;
				VALIDATE_PRODUCT = YES;
			};
			name = Release;
		};
		A3EF16D41B46BBA300F08FA3 /* Debug */ = {
			isa = XCBuildConfiguration;
			buildSettings = {
				ASSETCATALOG_COMPILER_APPICON_NAME = AppIcon;
				INFOPLIST_FILE = BitriseTestingSample/Info.plist;
				LD_RUNPATH_SEARCH_PATHS = "$(inherited) @executable_path/Frameworks";
				PRODUCT_BUNDLE_IDENTIFIER = com.bitrise.examples.BitriseTestingSample;
				PRODUCT_NAME = "$(TARGET_NAME)";
			};
			name = Debug;
		};
		A3EF16D51B46BBA300F08FA3 /* Release */ = {
			isa = XCBuildConfiguration;
			buildSettings = {
				ASSETCATALOG_COMPILER_APPICON_NAME = AppIcon;
				INFOPLIST_FILE = BitriseTestingSample/Info.plist;
				LD_RUNPATH_SEARCH_PATHS = "$(inherited) @executable_path/Frameworks";
				PRODUCT_BUNDLE_IDENTIFIER = com.bitrise.examples.BitriseTestingSample;
				PRODUCT_NAME = "$(TARGET_NAME)";
			};
			name = Release;
		};
		A3EF16D71B46BBA300F08FA3 /* Debug */ = {
			isa = XCBuildConfiguration;
			buildSettings = {
				BUNDLE_LOADER = "$(TEST_HOST)";
				INFOPLIST_FILE = BitriseTestingSampleTests/Info.plist;
				LD_RUNPATH_SEARCH_PATHS = "$(inherited) @executable_path/Frameworks @loader_path/Frameworks";
				PRODUCT_BUNDLE_IDENTIFIER = com.bitrise.examples.BitriseTestingSampleTests;
				PRODUCT_NAME = "$(TARGET_NAME)";
				TEST_HOST = "$(BUILT_PRODUCTS_DIR)/BitriseTestingSample.app/BitriseTestingSample";
			};
			name = Debug;
		};
		A3EF16D81B46BBA300F08FA3 /* Release */ = {
			isa = XCBuildConfiguration;
			buildSettings = {
				BUNDLE_LOADER = "$(TEST_HOST)";
				INFOPLIST_FILE = BitriseTestingSampleTests/Info.plist;
				LD_RUNPATH_SEARCH_PATHS = "$(inherited) @executable_path/Frameworks @loader_path/Frameworks";
				PRODUCT_BUNDLE_IDENTIFIER = com.bitrise.examples.BitriseTestingSampleTests;
				PRODUCT_NAME = "$(TARGET_NAME)";
				TEST_HOST = "$(BUILT_PRODUCTS_DIR)/BitriseTestingSample.app/BitriseTestingSample";
			};
			name = Release;
		};
		A3EF16DA1B46BBA300F08FA3 /* Debug */ = {
			isa = XCBuildConfiguration;
			buildSettings = {
				INFOPLIST_FILE = BitriseTestingSampleUITests/Info.plist;
				LD_RUNPATH_SEARCH_PATHS = "$(inherited) @executable_path/Frameworks @loader_path/Frameworks";
				PRODUCT_BUNDLE_IDENTIFIER = com.bitrise.examples.BitriseTestingSampleUITests;
				PRODUCT_NAME = "$(TARGET_NAME)";
				TEST_TARGET_NAME = BitriseTestingSample;
				USES_XCTRUNNER = YES;
			};
			name = Debug;
		};
		A3EF16DB1B46BBA300F08FA3 /* Release */ = {
			isa = XCBuildConfiguration;
			buildSettings = {
				INFOPLIST_FILE = BitriseTestingSampleUITests/Info.plist;
				LD_RUNPATH_SEARCH_PATHS = "$(inherited) @executable_path/Frameworks @loader_path/Frameworks";
				PRODUCT_BUNDLE_IDENTIFIER = com.bitrise.examples.BitriseTestingSampleUITests;
				PRODUCT_NAME = "$(TARGET_NAME)";
				TEST_TARGET_NAME = BitriseTestingSample;
				USES_XCTRUNNER = YES;
			};
			name = Release;
		};
/* End XCBuildConfiguration section */

/* Begin XCConfigurationList section */
		A3EF16A61B46BBA200F08FA3 /* Build configuration list for PBXProject "BitriseTestingSample" */ = {
			isa = XCConfigurationList;
			buildConfigurations = (
				A3EF16D11B46BBA300F08FA3 /* Debug */,
				A3EF16D21B46BBA300F08FA3 /* Release */,
			);
			defaultConfigurationIsVisible = 0;
			defaultConfigurationName = Release;
		};
		A3EF16D31B46BBA300F08FA3 /* Build configuration list for PBXNativeTarget "BitriseTestingSample" */ = {
			isa = XCConfigurationList;
			buildConfigurations = (
				A3EF16D41B46BBA300F08FA3 /* Debug */,
				A3EF16D51B46BBA300F08FA3 /* Release */,
			);
			defaultConfigurationIsVisible = 0;
		};
		A3EF16D61B46BBA300F08FA3 /* Build configuration list for PBXNativeTarget "BitriseTestingSampleTests" */ = {
			isa = XCConfigurationList;
			buildConfigurations = (
				A3EF16D71B46BBA300F08FA3 /* Debug */,
				A3EF16D81B46BBA300F08FA3 /* Release */,
			);
			defaultConfigurationIsVisible = 0;
		};
		A3EF16D91B46BBA300F08FA3 /* Build configuration list for PBXNativeTarget "BitriseTestingSampleUITests" */ = {
			isa = XCConfigurationList;
			buildConfigurations = (
				A3EF16DA1B46BBA300F08FA3 /* Debug */,
				A3EF16DB1B46BBA300F08FA3 /* Release */,
			);
			defaultConfigurationIsVisible = 0;
		};
/* End XCConfigurationList section */
	};
	rootObject = A3EF16A31B46BBA200F08FA3 /* Project object */;
}
